{
  "name": "bystrosite",
  "version": "1.0.0",
  "lockfileVersion": 3,
  "requires": true,
  "packages": {
    "": {
      "name": "bystrosite",
      "version": "1.0.0",
      "hasInstallScript": true,
      "dependencies": {
        "pg": "^8.23.0"
      },
      "devDependencies": {
        "cssnano": "^9.0.1",
        "postcss": "^8.5.26",
        "terser": "^5.51.2"
      },
      "engines": {
        "node": ">=18"
      }
    },
    "node_modules/@colordx/core": {
      "version": "5.6.0",
      "resolved": "https://registry.npmjs.org/@colordx/core/-/core-5.6.0.tgz",
      "integrity": "sha512-EDlcg/Hmlj1WuFh/Os9YhA+A2aasB2XlgwFfGePUDuW7fVHC07HBi5AFIMx0Ct1eM8kHM9NRyOtZ0MuVYa8xvg==",
      "dev": true,
      "license": "MIT"
    },
    "node_modules/@csstools/css-parser-algorithms": {
      "version": "4.0.0",
      "resolved": "https://registry.npmjs.org/@csstools/css-parser-algorithms/-/css-parser-algorithms-4.0.0.tgz",
      "integrity": "sha512-+B87qS7fIG3L5h3qwJ/IFbjoVoOe/bpOdh9hAjXbvx0o8ImEmUsGXN0inFOnk2ChCFgqkkGFQ+TpM5rbhkKe4w==",
      "dev": true,
      "funding": [
        {
          "type": "github",
          "url": "https://github.com/sponsors/csstools"
        },
        {
          "type": "opencollective",
          "url": "https://opencollective.com/csstools"
        }
      ],
      "license": "MIT",
      "engines": {
        "node": ">=20.19.0"
      },
      "peerDependencies": {
        "@csstools/css-tokenizer": "^4.0.0"
      }
    },
    "node_modules/@csstools/css-tokenizer": {
      "version": "4.0.0",
      "resolved": "https://registry.npmjs.org/@csstools/css-tokenizer/-/css-tokenizer-4.0.0.tgz",
      "integrity": "sha512-QxULHAm7cNu72w97JUNCBFODFaXpbDg+dP8b/oWFAZ2MTRppA3U00Y2L1HqaS4J6yBqxwa/Y3nMBaxVKbB/NsA==",
      "dev": true,
      "funding": [
        {
          "type": "github",
          "url": "https://github.com/sponsors/csstools"
        },
        {
          "type": "opencollective",
          "url": "https://opencollective.com/csstools"
        }
      ],
      "license": "MIT",
      "engines": {
        "node": ">=20.19.0"
      }
    },
    "node_modules/@jridgewell/gen-mapping": {
      "version": "0.3.13",
      "resolved": "https://registry.npmjs.org/@jridgewell/gen-mapping/-/gen-mapping-0.3.13.tgz",
      "integrity": "sha512-2kkt/7niJ6MgEPxF0bYdQ6etZaA+fQvDcLKckhy1yIQOzaoKjBBjSj63/aLVjYE3qhRt5dvM+uUyfCg6UKCBbA==",
      "dev": true,
      "license": "MIT",
      "dependencies": {
        "@jridgewell/sourcemap-codec": "^1.5.0",
        "@jridgewell/trace-mapping": "^0.3.24"
      }
    },
    "node_modules/@jridgewell/resolve-uri": {
      "version": "3.1.2",
      "resolved": "https://registry.npmjs.org/@jridgewell/resolve-uri/-/resolve-uri-3.1.2.tgz",
      "integrity": "sha512-bRISgCIjP20/tbWSPWMEi54QVPRZExkuD9lJL+UIxUKtwVJA8wW1Trb1jMs1RFXo1CBTNZ/5hpC9QvmKWdopKw==",
      "dev": true,
      "license": "MIT",
      "engines": {
        "node": ">=6.0.0"
      }
    },
    "node_modules/@jridgewell/source-map": {
      "version": "0.3.11",
      "resolved": "https://registry.npmjs.org/@jridgewell/source-map/-/source-map-0.3.11.tgz",
      "integrity": "sha512-ZMp1V8ZFcPG5dIWnQLr3NSI1MiCU7UETdS/A0G8V/XWHvJv3ZsFqutJn1Y5RPmAPX6F3BiE397OqveU/9NCuIA==",
      "dev": true,
      "license": "MIT",
      "dependencies": {
        "@jridgewell/gen-mapping": "^0.3.5",
        "@jridgewell/trace-mapping": "^0.3.25"
      }
    },
    "node_modules/@jridgewell/sourcemap-codec": {
      "version": "1.6.0",
      "resolved": "https://registry.npmjs.org/@jridgewell/sourcemap-codec/-/sourcemap-codec-1.6.0.tgz",
      "integrity": "sha512-T7jf+5zgsZHwNJ4lvQ7/aezbyk0nNX+zJVWpmHA7VYsEx7a7qr5Rg5IbtJFqkgze5Y2sruq1RUY8Q837Od7iFw==",
      "dev": true,
      "license": "MIT"
    },
    "node_modules/@jridgewell/trace-mapping": {
      "version": "0.3.31",
      "resolved": "https://registry.npmjs.org/@jridgewell/trace-mapping/-/trace-mapping-0.3.31.tgz",
      "integrity": "sha512-zzNR+SdQSDJzc8joaeP8QQoCQr8NuYx2dIIytl1QeBEZHJ9uW6hebsrYgbz8hJwUQao3TWCMtmfV8Nu1twOLAw==",
      "dev": true,
      "license": "MIT",
      "dependencies": {
        "@jridgewell/resolve-uri": "^3.1.0",
        "@jridgewell/sourcemap-codec": "^1.4.14"
      }
    },
    "node_modules/acorn": {
      "version": "8.18.0",
      "resolved": "https://registry.npmjs.org/acorn/-/acorn-8.18.0.tgz",
      "integrity": "sha512-lGq+9yr1/GuAWaVYIHRjvvySG5/4VfKIvC8EWxStPdcDh/Ka7FG3twP6v4d5BkravUilhIAsG4Qj83t02LWUPQ==",
      "dev": true,
      "license": "MIT",
      "bin": {
        "acorn": "bin/acorn"
      },
      "engines": {
        "node": ">=0.4.0"
      }
    },
    "node_modules/baseline-browser-mapping": {
      "version": "2.11.20",
      "resolved": "https://registry.npmjs.org/baseline-browser-mapping/-/baseline-browser-mapping-2.11.20.tgz",
      "integrity": "sha512-H0ulySigv6icDJ1F7SjtdCD6PrhTpdYCmP0CactWy1+ekh0AFd0o1Wn5T8b+hnTmdBx19u9yhL6wvCylXMY7zw==",
      "dev": true,
      "license": "Apache-2.0",
      "bin": {
        "baseline-browser-mapping": "dist/cli.cjs"
      },
      "engines": {
        "node": ">=6.0.0"
      }
    },
    "node_modules/boolbase": {
      "version": "1.0.0",
      "resolved": "https://registry.npmjs.org/boolbase/-/boolbase-1.0.0.tgz",
      "integrity": "sha512-JZOSA7Mo9sNGB8+UjSgzdLtokWAky1zbztM3WRLCbZ70/3cTANmQmOdR7y2g+J0e2WXywy1yS468tY+IruqEww==",
      "dev": true,
      "license": "ISC"
    },
    "node_modules/browserslist": {
      "version": "4.28.8",
      "resolved": "https://registry.npmjs.org/browserslist/-/browserslist-4.28.8.tgz",
      "integrity": "sha512-V2NpofLblG64mfOtSgDhOJESZEGogzDMBv/q+W6oc4LXWP/q75eOXoOaaOu1EOadB9U4Bwx/e0yzbvwKH8zalA==",
      "dev": true,
      "funding": [
        {
          "type": "opencollective",
          "url": "https://opencollective.com/browserslist"
        },
        {
          "type": "tidelift",
          "url": "https://tidelift.com/funding/github/npm/browserslist"
        },
        {
          "type": "github",
          "url": "https://github.com/sponsors/ai"
        }
      ],
      "license": "MIT",
      "dependencies": {
        "baseline-browser-mapping": "^2.11.12",
        "caniuse-lite": "^1.0.30001809",
        "electron-to-chromium": "^1.5.402",
        "node-releases": "^2.0.53",
        "update-browserslist-db": "^1.3.0"
      },
      "bin": {
        "browserslist": "cli.js"
      },
      "engines": {
        "node": "^6 || ^7 || ^8 || ^9 || ^10 || ^11 || ^12 || >=13.7"
      }
    },
    "node_modules/buffer-from": {
      "version": "1.1.2",
      "resolved": "https://registry.npmjs.org/buffer-from/-/buffer-from-1.1.2.tgz",
      "integrity": "sha512-E+XQCRwSbaaiChtv6k6Dwgc+bx+Bs6vuKJHHl5kox/BaKbhiXzqQOwK4cO22yElGp2OCmjwVhT3HmxgyPGnJfQ==",
      "dev": true,
      "license": "MIT"
    },
    "node_modules/caniuse-api": {
      "version": "4.0.0",
      "resolved": "https://registry.npmjs.org/caniuse-api/-/caniuse-api-4.0.0.tgz",
      "integrity": "sha512-B0hQ1OLyJuHTQSOWXvwibWqM6DCoqJdvBA6X1S/53bd4XU7LJ1yurIPlrsouol3mw1jh9pGI4ivubSpmJeIqCA==",
      "dev": true,
      "license": "MIT",
      "dependencies": {
        "browserslist": "^4.0.0",
        "caniuse-lite": "^1.0.0"
      }
    },
    "node_modules/caniuse-lite": {
      "version": "1.0.30001810",
      "resolved": "https://registry.npmjs.org/caniuse-lite/-/caniuse-lite-1.0.30001810.tgz",
      "integrity": "sha512-TITQPUkaz+aVk5GL6NhOdwk1aEaNTSDPsGFWrTuhKGtjTF70jL/Oht2W4c6rXUe5fu7Ie19VIahAXHIIiWWNeg==",
      "dev": true,
      "funding": [
        {
          "type": "opencollective",
          "url": "https://opencollective.com/browserslist"
        },
        {
          "type": "tidelift",
          "url": "https://tidelift.com/funding/github/npm/caniuse-lite"
        },
        {
          "type": "github",
          "url": "https://github.com/sponsors/ai"
        }
      ],
      "license": "CC-BY-4.0"
    },
    "node_modules/commander": {
      "version": "2.20.3",
      "resolved": "https://registry.npmjs.org/commander/-/commander-2.20.3.tgz",
      "integrity": "sha512-GpVkmM8vF2vQUkj2LvZmD35JxeJOLCwJ9cUkugyk2nuhbv3+mJvpLYYt+0+USMxE+oj+ey/lJEnhZw75x/OMcQ==",
      "dev": true,
      "license": "MIT"
    },
    "node_modules/css-select": {
      "version": "6.0.0",
      "resolved": "https://registry.npmjs.org/css-select/-/css-select-6.0.0.tgz",
      "integrity": "sha512-rZZVSLle8v0+EY8QAkDWrKhpgt6SA5OtHsgBnsj6ZaLb5dmDVOWUDtQitd9ydxxvEjhewNudS6eTVU7uOyzvXw==",
      "dev": true,
      "license": "BSD-2-Clause",
      "dependencies": {
        "boolbase": "^1.0.0",
        "css-what": "^7.0.0",
        "domhandler": "^5.0.3",
        "domutils": "^3.2.2",
        "nth-check": "^2.1.1"
      },
      "funding": {
        "url": "https://github.com/sponsors/fb55"
      }
    },
    "node_modules/css-tree": {
      "version": "3.2.1",
      "resolved": "https://registry.npmjs.org/css-tree/-/css-tree-3.2.1.tgz",
      "integrity": "sha512-X7sjQzceUhu1u7Y/ylrRZFU2FS6LRiFVp6rKLPg23y3x3c3DOKAwuXGDp+PAGjh6CSnCjYeAul8pcT8bAl+lSA==",
      "dev": true,
      "license": "MIT",
      "dependencies": {
        "mdn-data": "2.27.1",
        "source-map-js": "^1.2.1"
      },
      "engines": {
        "node": "^10 || ^12.20.0 || ^14.13.0 || >=15.0.0"
      }
    },
    "node_modules/css-what": {
      "version": "7.0.0",
      "resolved": "https://registry.npmjs.org/css-what/-/css-what-7.0.0.tgz",
      "integrity": "sha512-wD5oz5xibMOPHzy13CyGmogB3phdvcDaB5t0W/Nr5Z2O/agcB8YwOz6e2Lsp10pNDzBoDO9nVa3RGs/2BttpHQ==",
      "dev": true,
      "license": "BSD-2-Clause",
      "engines": {
        "node": ">= 6"
      },
      "funding": {
        "url": "https://github.com/sponsors/fb55"
      }
    },
    "node_modules/cssesc": {
      "version": "3.0.0",
      "resolved": "https://registry.npmjs.org/cssesc/-/cssesc-3.0.0.tgz",
      "integrity": "sha512-/Tb/JcjK111nNScGob5MNtsntNM1aCNUDipB/TkwZFhyDrrE47SOx/18wF2bbjgc3ZzCSKW1T5nt5EbFoAz/Vg==",
      "dev": true,
      "license": "MIT",
      "bin": {
        "cssesc": "bin/cssesc"
      },
      "engines": {
        "node": ">=4"
      }
    },
    "node_modules/cssnano": {
      "version": "9.0.1",
      "resolved": "https://registry.npmjs.org/cssnano/-/cssnano-9.0.1.tgz",
      "integrity": "sha512-nTcVXlnodhnQZQlH+8/NdpExRTJ4AEBTcV/sx4Xx1X0UdbrSSw4523RpE3bojlRzZdmdEy9n8F9XeipjUKJ3MQ==",
      "dev": true,
      "license": "MIT",
      "dependencies": {
        "cssnano-preset-default": "^9.0.1"
      },
      "engines": {
        "node": "^22.22.3 || ^24.15.0 || >=26.0"
      },
      "funding": {
        "type": "opencollective",
        "url": "https://opencollective.com/cssnano"
      },
      "peerDependencies": {
        "postcss": "^8.5.26"
      }
    },
    "node_modules/cssnano-preset-default": {
      "version": "9.0.1",
      "resolved": "https://registry.npmjs.org/cssnano-preset-default/-/cssnano-preset-default-9.0.1.tgz",
      "integrity": "sha512-ijTL+PbY00iPaPIBya1V5UBegqzAdCkdqzxKQWjb8oFan3dZ7fKRXDeD5AW0BFYDzvAt95i9xdDqaof8IEoG4g==",
      "dev": true,
      "license": "MIT",
      "dependencies": {
        "browserslist": "^4.28.8",
        "cssnano-utils": "^7.0.0",
        "postcss-calc": "^11.0.1",
        "postcss-colormin": "^9.0.0",
        "postcss-convert-values": "^9.0.0",
        "postcss-discard-comments": "^9.0.0",
        "postcss-discard-duplicates": "^9.0.0",
        "postcss-discard-empty": "^9.0.0",
        "postcss-discard-overridden": "^9.0.0",
        "postcss-merge-longhand": "^9.0.1",
        "postcss-merge-rules": "^9.0.1",
        "postcss-minify-font-values": "^9.0.0",
        "postcss-minify-gradients": "^9.0.0",
        "postcss-minify-params": "^9.0.0",
        "postcss-minify-selectors": "^9.0.1",
        "postcss-normalize-charset": "^9.0.0",
        "postcss-normalize-display-values": "^9.0.0",
        "postcss-normalize-positions": "^9.0.0",
        "postcss-normalize-repeat-style": "^9.0.0",
        "postcss-normalize-string": "^9.0.0",
        "postcss-normalize-timing-functions": "^9.0.0",
        "postcss-normalize-unicode": "^9.0.0",
        "postcss-normalize-url": "^9.0.0",
        "postcss-normalize-whitespace": "^9.0.0",
        "postcss-ordered-values": "^9.0.0",
        "postcss-reduce-initial": "^9.0.0",
        "postcss-reduce-transforms": "^9.0.0",
        "postcss-svgo": "^9.0.0",
        "postcss-unique-selectors": "^9.0.0"
      },
      "engines": {
        "node": "^22.22.3 || ^24.15.0 || >=26.0"
      },
      "peerDependencies": {
        "postcss": "^8.5.26"
      }
    },
    "node_modules/cssnano-utils": {
      "version": "7.0.0",
      "resolved": "https://registry.npmjs.org/cssnano-utils/-/cssnano-utils-7.0.0.tgz",
      "integrity": "sha512-DAV5AOg6sh/NBke5YF2kK4Oinlu6yIrOHdChIkazKfsLph0bwLWLlBNxdRHsVZJmZXVRuRzKYQQ8bDWPXRuwhw==",
      "dev": true,
      "license": "MIT",
      "engines": {
        "node": "^22.22.3 || ^24.15.0 || >=26.0"
      },
      "peerDependencies": {
        "postcss": "^8.5.26"
      }
    },
    "node_modules/csso": {
      "version": "5.0.5",
      "resolved": "https://registry.npmjs.org/csso/-/csso-5.0.5.tgz",
      "integrity": "sha512-0LrrStPOdJj+SPCCrGhzryycLjwcgUSHBtxNA8aIDxf0GLsRh1cKYhB00Gd1lDOS4yGH69+SNn13+TWbVHETFQ==",
      "dev": true,
      "license": "MIT",
      "dependencies": {
        "css-tree": "~2.2.0"
      },
      "engines": {
        "node": "^10 || ^12.20.0 || ^14.13.0 || >=15.0.0",
        "npm": ">=7.0.0"
      }
    },
    "node_modules/csso/node_modules/css-tree": {
      "version": "2.2.1",
      "resolved": "https://registry.npmjs.org/css-tree/-/css-tree-2.2.1.tgz",
      "integrity": "sha512-OA0mILzGc1kCOCSJerOeqDxDQ4HOh+G8NbOJFOTgOCzpw7fCBubk0fEyxp8AgOL/jvLgYA/uV0cMbe43ElF1JA==",
      "dev": true,
      "license": "MIT",
      "dependencies": {
        "mdn-data": "2.0.28",
        "source-map-js": "^1.0.1"
      },
      "engines": {
        "node": "^10 || ^12.20.0 || ^14.13.0 || >=15.0.0",
        "npm": ">=7.0.0"
      }
    },
    "node_modules/csso/node_modules/mdn-data": {
      "version": "2.0.28",
      "resolved": "https://registry.npmjs.org/mdn-data/-/mdn-data-2.0.28.tgz",
      "integrity": "sha512-aylIc7Z9y4yzHYAJNuESG3hfhC+0Ibp/MAMiaOZgNv4pmEdFyfZhhhny4MNiAfWdBQ1RQ2mfDWmM1x8SvGyp8g==",
      "dev": true,
      "license": "CC0-1.0"
    },
    "node_modules/dom-serializer": {
      "version": "2.0.0",
      "resolved": "https://registry.npmjs.org/dom-serializer/-/dom-serializer-2.0.0.tgz",
      "integrity": "sha512-wIkAryiqt/nV5EQKqQpo3SToSOV9J0DnbJqwK7Wv/Trc92zIAYZ4FlMu+JPFW1DfGFt81ZTCGgDEabffXeLyJg==",
      "dev": true,
      "license": "MIT",
      "dependencies": {
        "domelementtype": "^2.3.0",
        "domhandler": "^5.0.2",
        "entities": "^4.2.0"
      },
      "funding": {
        "url": "https://github.com/cheeriojs/dom-serializer?sponsor=1"
      }
    },
    "node_modules/domelementtype": {
      "version": "2.3.0",
      "resolved": "https://registry.npmjs.org/domelementtype/-/domelementtype-2.3.0.tgz",
      "integrity": "sha512-OLETBj6w0OsagBwdXnPdN0cnMfF9opN69co+7ZrbfPGrdpPVNBUj02spi6B1N7wChLQiPn4CSH/zJvXw56gmHw==",
      "dev": true,
      "funding": [
        {
          "type": "github",
          "url": "https://github.com/sponsors/fb55"
        }
      ],
      "license": "BSD-2-Clause"
    },
    "node_modules/domhandler": {
      "version": "5.0.3",
      "resolved": "https://registry.npmjs.org/domhandler/-/domhandler-5.0.3.tgz",
      "integrity": "sha512-cgwlv/1iFQiFnU96XXgROh8xTeetsnJiDsTc7TYCLFd9+/WNkIqPTxiM/8pSd8VIrhXGTf1Ny1q1hquVqDJB5w==",
      "dev": true,
      "license": "BSD-2-Clause",
      "dependencies": {
        "domelementtype": "^2.3.0"
      },
      "engines": {
        "node": ">= 4"
      },
      "funding": {
        "url": "https://github.com/fb55/domhandler?sponsor=1"
      }
    },
    "node_modules/domutils": {
      "version": "3.2.2",
      "resolved": "https://registry.npmjs.org/domutils/-/domutils-3.2.2.tgz",
      "integrity": "sha512-6kZKyUajlDuqlHKVX1w7gyslj9MPIXzIFiz/rGu35uC1wMi+kMhQwGhl4lt9unC9Vb9INnY9Z3/ZA3+FhASLaw==",
      "dev": true,
      "license": "BSD-2-Clause",
      "dependencies": {
        "dom-serializer": "^2.0.0",
        "domelementtype": "^2.3.0",
        "domhandler": "^5.0.3"
      },
      "funding": {
        "url": "https://github.com/fb55/domutils?sponsor=1"
      }
    },
    "node_modules/electron-to-chromium": {
      "version": "1.5.416",
      "resolved": "https://registry.npmjs.org/electron-to-chromium/-/electron-to-chromium-1.5.416.tgz",
      "integrity": "sha512-K6bvB2BjnNrugtIih6ewlbBI9DXa976jIdiIlRLHhBoEI9a4JaQjjHyF+A1IQI543aQYR4LnmOrT/K5fZj0aPA==",
      "dev": true,
      "license": "ISC"
    },
    "node_modules/entities": {
      "version": "4.5.0",
      "resolved": "https://registry.npmjs.org/entities/-/entities-4.5.0.tgz",
      "integrity": "sha512-V0hjH4dGPh9Ao5p0MoRY6BVqtwCjhz6vI5LT8AJ55H+4g9/4vbHx1I54fS0XuclLhDHArPQCiMjDxjaL8fPxhw==",
      "dev": true,
      "license": "BSD-2-Clause",
      "engines": {
        "node": ">=0.12"
      },
      "funding": {
        "url": "https://github.com/fb55/entities?sponsor=1"
      }
    },
    "node_modules/escalade": {
      "version": "3.2.0",
      "resolved": "https://registry.npmjs.org/escalade/-/escalade-3.2.0.tgz",
      "integrity": "sha512-WUj2qlxaQtO4g6Pq5c29GTcWGDyd8itL8zTlipgECz3JesAiiOKotd8JU6otB3PACgG6xkJUyVhboMS+bje/jA==",
      "dev": true,
      "license": "MIT",
      "engines": {
        "node": ">=6"
      }
    },
    "node_modules/mdn-data": {
      "version": "2.27.1",
      "resolved": "https://registry.npmjs.org/mdn-data/-/mdn-data-2.27.1.tgz",
      "integrity": "sha512-9Yubnt3e8A0OKwxYSXyhLymGW4sCufcLG6VdiDdUGVkPhpqLxlvP5vl1983gQjJl3tqbrM731mjaZaP68AgosQ==",
      "dev": true,
      "license": "CC0-1.0"
    },
    "node_modules/nanoid": {
      "version": "3.3.18",
      "resolved": "https://registry.npmjs.org/nanoid/-/nanoid-3.3.18.tgz",
      "integrity": "sha512-DTg4MJbGMWkfi6VZFdNt2/caMbQy4Ou+Op/hJQvGEWcnVfoA1QA+xzRKAzw9jD6+GVOOeYr/mIcuDSdug6F6+w==",
      "dev": true,
      "funding": [
        {
          "type": "github",
          "url": "https://github.com/sponsors/ai"
        }
      ],
      "license": "MIT",
      "bin": {
        "nanoid": "bin/nanoid.cjs"
      },
      "engines": {
        "node": "^10 || ^12 || ^13.7 || ^14 || >=15.0.1"
      }
    },
    "node_modules/node-releases": {
      "version": "2.0.54",
      "resolved": "https://registry.npmjs.org/node-releases/-/node-releases-2.0.54.tgz",
      "integrity": "sha512-YHs7BmmcsdAI5Ozuf8JZo6PT0mv2GIWC9vMfvUC3dp65M8hn7Ux8CPL+2oBI7juNuj9d0ndhTcznq2ODBps9cQ==",
      "dev": true,
      "license": "MIT",
      "engines": {
        "node": ">=18"
      }
    },
    "node_modules/nth-check": {
      "version": "2.1.1",
      "resolved": "https://registry.npmjs.org/nth-check/-/nth-check-2.1.1.tgz",
      "integrity": "sha512-lqjrjmaOoAnWfMmBPL+XNnynZh2+swxiX3WUE0s4yEHI6m+AwrK2UZOimIRl3X/4QctVqS8AiZjFqyOGrMXb/w==",
      "dev": true,
      "license": "BSD-2-Clause",
      "dependencies": {
        "boolbase": "^1.0.0"
      },
      "funding": {
        "url": "https://github.com/fb55/nth-check?sponsor=1"
      }
    },
    "node_modules/pg": {
      "version": "8.23.0",
      "resolved": "https://registry.npmjs.org/pg/-/pg-8.23.0.tgz",
      "integrity": "sha512-Ip2EQCngowJLGOfCwkFhPXU7/ljlhn6Rxlmy4XYfL2Y+vyRM59+8uR2xqRWKdYmbXmxCFOAmKxBuSUCdF34qLg==",
      "license": "MIT",
      "dependencies": {
        "pg-connection-string": "^2.14.0",
        "pg-pool": "^3.14.0",
        "pg-protocol": "^1.16.0",
        "pg-types": "2.2.0",
        "pgpass": "1.0.5"
      },
      "engines": {
        "node": ">= 16.0.0"
      },
      "optionalDependencies": {
        "pg-cloudflare": "^1.4.0"
      },
      "peerDependencies": {
        "pg-native": ">=3.0.1"
      },
      "peerDependenciesMeta": {
        "pg-native": {
          "optional": true
        }
      }
    },
    "node_modules/pg-cloudflare": {
      "version": "1.4.0",
      "resolved": "https://registry.npmjs.org/pg-cloudflare/-/pg-cloudflare-1.4.0.tgz",
      "integrity": "sha512-Vo7z/6rrQYxpNRylp4Tlob2elzbh+N/MOQbxFVWCxS7oEx6jF53GTJFxK2WWpKuBRkmiin4Mt+xofFDjx09R0A==",
      "license": "MIT",
      "optional": true
    },
    "node_modules/pg-connection-string": {
      "version": "2.14.0",
      "resolved": "https://registry.npmjs.org/pg-connection-string/-/pg-connection-string-2.14.0.tgz",
      "integrity": "sha512-XwWDGcLRGCXAR8F/AM5bG7Q+A3Wm2s6QeEjlOKZLlH3UYcguiqCWKyWXVag5TLTIjR7oOJUY8kcADaZgWPyLeg==",
      "license": "MIT"
    },
    "node_modules/pg-int8": {
      "version": "1.0.1",
      "resolved": "https://registry.npmjs.org/pg-int8/-/pg-int8-1.0.1.tgz",
      "integrity": "sha512-WCtabS6t3c8SkpDBUlb1kjOs7l66xsGdKpIPZsg4wR+B3+u9UAum2odSsF9tnvxg80h4ZxLWMy4pRjOsFIqQpw==",
      "license": "ISC",
      "engines": {
        "node": ">=4.0.0"
      }
    },
    "node_modules/pg-pool": {
      "version": "3.14.0",
      "resolved": "https://registry.npmjs.org/pg-pool/-/pg-pool-3.14.0.tgz",
      "integrity": "sha512-gKtPkFdQPU3DksooVLi9LsjZxrsBUZIpa+7aVx+LV5pNh0KzP4Zleud2po+ConrxbuXGBJ6Hfer6hdgpIBpBaw==",
      "license": "MIT",
      "peerDependencies": {
        "pg": ">=8.0"
      }
    },
    "node_modules/pg-protocol": {
      "version": "1.16.0",
      "resolved": "https://registry.npmjs.org/pg-protocol/-/pg-protocol-1.16.0.tgz",
      "integrity": "sha512-sILXutLVjCLjcDuOmvhX5e2Z4cS5qG/6Bu3VkpFwdf/633ElGLpEh9bgmuI5I4sqKqkifQiGyiCcx1HdtrK7tg==",
      "license": "MIT"
    },
    "node_modules/pg-types": {
      "version": "2.2.0",
      "resolved": "https://registry.npmjs.org/pg-types/-/pg-types-2.2.0.tgz",
      "integrity": "sha512-qTAAlrEsl8s4OiEQY69wDvcMIdQN6wdz5ojQiOy6YRMuynxenON0O5oCpJI6lshc6scgAY8qvJ2On/p+CXY0GA==",
      "license": "MIT",
      "dependencies": {
        "pg-int8": "1.0.1",
        "postgres-array": "~2.0.0",
        "postgres-bytea": "~1.0.0",
        "postgres-date": "~1.0.4",
        "postgres-interval": "^1.1.0"
      },
      "engines": {
        "node": ">=4"
      }
    },
    "node_modules/pgpass": {
      "version": "1.0.5",
      "resolved": "https://registry.npmjs.org/pgpass/-/pgpass-1.0.5.tgz",
      "integrity": "sha512-FdW9r/jQZhSeohs1Z3sI1yxFQNFvMcnmfuj4WBMUTxOrAyLMaTcE1aAMBiTlbMNaXvBCQuVi0R7hd8udDSP7ug==",
      "license": "MIT",
      "dependencies": {
        "split2": "^4.1.0"
      }
    },
    "node_modules/picocolors": {
      "version": "1.1.1",
      "resolved": "https://registry.npmjs.org/picocolors/-/picocolors-1.1.1.tgz",
      "integrity": "sha512-xceH2snhtb5M9liqDsmEw56le376mTZkEX/jEb/RxNFyegNul7eNslCXP9FDj/Lcu0X8KEyMceP2ntpaHrDEVA==",
      "dev": true,
      "license": "ISC"
    },
    "node_modules/postcss": {
      "version": "8.5.26",
      "resolved": "https://registry.npmjs.org/postcss/-/postcss-8.5.26.tgz",
      "integrity": "sha512-u82N74LFzG8ca+dD8puPnplTXoGH4fTPpVGuIbt36G3qvNlkvfD0lEAZSxaly3KX8TS/L1A1gsCEmvKmBcVbkQ==",
      "dev": true,
      "funding": [
        {
          "type": "opencollective",
          "url": "https://opencollective.com/postcss/"
        },
        {
          "type": "tidelift",
          "url": "https://tidelift.com/funding/github/npm/postcss"
        },
        {
          "type": "github",
          "url": "https://github.com/sponsors/ai"
        }
      ],
      "license": "MIT",
      "dependencies": {
        "nanoid": "^3.3.17",
        "picocolors": "^1.1.1",
        "source-map-js": "^1.2.1"
      },
      "engines": {
        "node": "^10 || ^12 || >=14"
      }
    },
    "node_modules/postcss-calc": {
      "version": "11.0.1",
      "resolved": "https://registry.npmjs.org/postcss-calc/-/postcss-calc-11.0.1.tgz",
      "integrity": "sha512-H7w0Btjlbv2IM5V2BPKKghb4utvDYwkVkgaFJsCOsiqByX1AXTzlWsc+MV7/QD4vxdpB9xfyFze3pAJlv8GnjA==",
      "dev": true,
      "license": "MIT",
      "dependencies": {
        "@csstools/css-parser-algorithms": "^4.0.0",
        "@csstools/css-tokenizer": "^4.0.0"
      },
      "engines": {
        "node": "^22.22.3 || ^24.15 || >=26.0"
      },
      "peerDependencies": {
        "postcss": "^8.5.25"
      }
    },
    "node_modules/postcss-colormin": {
      "version": "9.0.0",
      "resolved": "https://registry.npmjs.org/postcss-colormin/-/postcss-colormin-9.0.0.tgz",
      "integrity": "sha512-y3XO60M/BsrDMWyp1/yRVQGHEFTuYL+NW9u6QpV07z9tGRDSKfgfKYcysQXy8lZzWtoDXrNegtjSo2kMnWPNQg==",
      "dev": true,
      "license": "MIT",
      "dependencies": {
        "@colordx/core": "^5.6.0",
        "browserslist": "^4.28.8",
        "caniuse-api": "^4.0.0",
        "postcss-value-parser": "^4.2.0"
      },
      "engines": {
        "node": "^22.22.3 || ^24.15.0 || >=26.0"
      },
      "peerDependencies": {
        "postcss": "^8.5.26"
      }
    },
    "node_modules/postcss-convert-values": {
      "version": "9.0.0",
      "resolved": "https://registry.npmjs.org/postcss-convert-values/-/postcss-convert-values-9.0.0.tgz",
      "integrity": "sha512-ldw3Id2YN2zJTD9b07hOQBxb9lRrFSMmKsiMcTr0I5PC2EQWZDpkkahS3XibRiWO5DICjVh8nw+lQHJjBngtGQ==",
      "dev": true,
      "license": "MIT",
      "dependencies": {
        "browserslist": "^4.28.8",
        "postcss-value-parser": "^4.2.0"
      },
      "engines": {
        "node": "^22.22.3 || ^24.15.0 || >=26.0"
      },
      "peerDependencies": {
        "postcss": "^8.5.26"
      }
    },
    "node_modules/postcss-discard-comments": {
      "version": "9.0.0",
      "resolved": "https://registry.npmjs.org/postcss-discard-comments/-/postcss-discard-comments-9.0.0.tgz",
      "integrity": "sha512-tL1KrBiRT2sgZzjJf938xfxTowSg8S/33XvB5T5LttCispCldC6XOUX8Xtvne8TlkeeBypUEFXTX2rE+n8iCaw==",
      "dev": true,
      "license": "MIT",
      "dependencies": {
        "postcss-selector-parser": "^7.1.5"
      },
      "engines": {
        "node": "^22.22.3 || ^24.15.0 || >=26.0"
      },
      "peerDependencies": {
        "postcss": "^8.5.26"
      }
    },
    "node_modules/postcss-discard-duplicates": {
      "version": "9.0.0",
      "resolved": "https://registry.npmjs.org/postcss-discard-duplicates/-/postcss-discard-duplicates-9.0.0.tgz",
      "integrity": "sha512-APvRj9LcRCB1WQsOKHqp+5GJiMK/eoDjy1heQSob91gSWR5uAG6wwNxFGfAuuwGUBQ7f6uX09nSZFtiXQ+IwPg==",
      "dev": true,
      "license": "MIT",
      "engines": {
        "node": "^22.22.3 || ^24.15.0 || >=26.0"
      },
      "peerDependencies": {
        "postcss": "^8.5.26"
      }
    },
    "node_modules/postcss-discard-empty": {
      "version": "9.0.0",
      "resolved": "https://registry.npmjs.org/postcss-discard-empty/-/postcss-discard-empty-9.0.0.tgz",
      "integrity": "sha512-F6bpkTTYJgWQy0OlJODCa/odCzP/kTnTZ70zroX/zS+EEhRLhtdKDlvMOmylV0jzFEkT1ZjFvWupDblWijxvrQ==",
      "dev": true,
      "license": "MIT",
      "engines": {
        "node": "^22.22.3 || ^24.15.0 || >=26.0"
      },
      "peerDependencies": {
        "postcss": "^8.5.26"
      }
    },
    "node_modules/postcss-discard-overridden": {
      "version": "9.0.0",
      "resolved": "https://registry.npmjs.org/postcss-discard-overridden/-/postcss-discard-overridden-9.0.0.tgz",
      "integrity": "sha512-QpfO7CswjgCXynrHfrfc56AbIpwHEzaoGYbJiEZwZi2etBK4EJ6vfDgym/EULV58n/nqwfuCnpB1itpXvSWqbg==",
      "dev": true,
      "license": "MIT",
      "engines": {
        "node": "^22.22.3 || ^24.15.0 || >=26.0"
      },
      "peerDependencies": {
        "postcss": "^8.5.26"
      }
    },
    "node_modules/postcss-merge-longhand": {
      "version": "9.0.1",
      "resolved": "https://registry.npmjs.org/postcss-merge-longhand/-/postcss-merge-longhand-9.0.1.tgz",
      "integrity": "sha512-SC93bxL+wBkxmGtYg7R085PUclZyz/C2npIj25EbNr4DFU3IwDGj6+SVomdhd90xD4rPDEVGTOGYHvcTq5K8ZQ==",
      "dev": true,
      "license": "MIT",
      "dependencies": {
        "postcss-value-parser": "^4.2.0",
        "stylehacks": "^9.0.1"
      },
      "engines": {
        "node": "^22.22.3 || ^24.15.0 || >=26.0"
      },
      "peerDependencies": {
        "postcss": "^8.5.26"
      }
    },
    "node_modules/postcss-merge-rules": {
      "version": "9.0.1",
      "resolved": "https://registry.npmjs.org/postcss-merge-rules/-/postcss-merge-rules-9.0.1.tgz",
      "integrity": "sha512-3YM3QdJvGPxTozNEyRM+bxh52n8bxC5tu/M7sJNiof+20fWmZutPk1a77D8dJt9k8HiUgZFsdbpvNDwWtCsy5Q==",
      "dev": true,
      "license": "MIT",
      "dependencies": {
        "browserslist": "^4.28.8",
        "caniuse-api": "^4.0.0",
        "cssnano-utils": "^7.0.0",
        "postcss-selector-parser": "^7.1.5"
      },
      "engines": {
        "node": "^22.22.3 || ^24.15.0 || >=26.0"
      },
      "peerDependencies": {
        "postcss": "^8.5.26"
      }
    },
    "node_modules/postcss-minify-font-values": {
      "version": "9.0.0",
      "resolved": "https://registry.npmjs.org/postcss-minify-font-values/-/postcss-minify-font-values-9.0.0.tgz",
      "integrity": "sha512-S6aq3wVJL1+6wgNR58bnARNHC+4Q3ZZpEjvjMEbFtpb+4cOoYJOywJLOQ+bl9bQmYdeN/2l4PpHIBKra+I1tfg==",
      "dev": true,
      "license": "MIT",
      "dependencies": {
        "postcss-value-parser": "^4.2.0"
      },
      "engines": {
        "node": "^22.22.3 || ^24.15.0 || >=26.0"
      },
      "peerDependencies": {
        "postcss": "^8.5.26"
      }
    },
    "node_modules/postcss-minify-gradients": {
      "version": "9.0.0",
      "resolved": "https://registry.npmjs.org/postcss-minify-gradients/-/postcss-minify-gradients-9.0.0.tgz",
      "integrity": "sha512-kg7oZHz7zfiCk8ZkBT9P2peBM6LGcGIXocY0v3iOVoR3CqUKpFeYVMlTjGUM6Qf+6d9hcRZV+BU/LeYR2BnsMQ==",
      "dev": true,
      "license": "MIT",
      "dependencies": {
        "@colordx/core": "^5.6.0",
        "cssnano-utils": "^7.0.0",
        "postcss-value-parser": "^4.2.0"
      },
      "engines": {
        "node": "^22.22.3 || ^24.15.0 || >=26.0"
      },
      "peerDependencies": {
        "postcss": "^8.5.26"
      }
    },
    "node_modules/postcss-minify-params": {
      "version": "9.0.0",
      "resolved": "https://registry.npmjs.org/postcss-minify-params/-/postcss-minify-params-9.0.0.tgz",
      "integrity": "sha512-VxVNdPemBrmk51TRgxGu3QcUvWmCaDEJ/rCIICwfB1cESkjwC/h76zTwGXgDsfbXaQ+T4M+7tmVN/vc/ZgZPjw==",
      "dev": true,
      "license": "MIT",
      "dependencies": {
        "browserslist": "^4.28.8",
        "cssnano-utils": "^7.0.0",
        "postcss-value-parser": "^4.2.0"
      },
      "engines": {
        "node": "^22.22.3 || ^24.15.0 || >=26.0"
      },
      "peerDependencies": {
        "postcss": "^8.5.26"
      }
    },
    "node_modules/postcss-minify-selectors": {
      "version": "9.0.1",
      "resolved": "https://registry.npmjs.org/postcss-minify-selectors/-/postcss-minify-selectors-9.0.1.tgz",
      "integrity": "sha512-O2iEU97c+zJYlaIQ3WLNrbWfR1oEzem0Lm6CmepwdLVxYiKz24f6EwWbtJkdjYpxaw9OnD9hOC3IyLYXFVykTg==",
      "dev": true,
      "license": "MIT",
      "dependencies": {
        "browserslist": "^4.28.8",
        "caniuse-api": "^4.0.0",
        "cssesc": "^3.0.0",
        "postcss-selector-parser": "^7.1.5"
      },
      "engines": {
        "node": "^22.22.3 || ^24.15.0 || >=26.0"
      },
      "peerDependencies": {
        "postcss": "^8.5.26"
      }
    },
    "node_modules/postcss-normalize-charset": {
      "version": "9.0.0",
      "resolved": "https://registry.npmjs.org/postcss-normalize-charset/-/postcss-normalize-charset-9.0.0.tgz",
      "integrity": "sha512-5KiD7x3KE/uxuhrNHIh8hJ0sOvsFimfNJh6Lgp1MxxirHC6aGZisH00kup5ShLsoAHpUXZO90X6UntyQvJrVEA==",
      "dev": true,
      "license": "MIT",
      "engines": {
        "node": "^22.22.3 || ^24.15.0 || >=26.0"
      },
      "peerDependencies": {
        "postcss": "^8.5.26"
      }
    },
    "node_modules/postcss-normalize-display-values": {
      "version": "9.0.0",
      "resolved": "https://registry.npmjs.org/postcss-normalize-display-values/-/postcss-normalize-display-values-9.0.0.tgz",
      "integrity": "sha512-EUeiB3MGJeMsLHHOZADPYLE6N2pabRRwHnr6basV0iK9fbsSKJB6zP3y9agp7HtGZsnCqnlqAC8ZPrenBdxoHA==",
      "dev": true,
      "license": "MIT",
      "dependencies": {
        "postcss-value-parser": "^4.2.0"
      },
      "engines": {
        "node": "^22.22.3 || ^24.15.0 || >=26.0"
      },
      "peerDependencies": {
        "postcss": "^8.5.26"
      }
    },
    "node_modules/postcss-normalize-positions": {
      "version": "9.0.0",
      "resolved": "https://registry.npmjs.org/postcss-normalize-positions/-/postcss-normalize-positions-9.0.0.tgz",
      "integrity": "sha512-Qen36tMiWwNpC+zD0oYM+9R1ojajbID4zsWWSCzZj9G5raSm4o2hgyE/IEQloKWPJNgOWMZsb8PmXSxGmPZAgA==",
      "dev": true,
      "license": "MIT",
      "dependencies": {
        "postcss-value-parser": "^4.2.0"
      },
      "engines": {
        "node": "^22.22.3 || ^24.15.0 || >=26.0"
      },
      "peerDependencies": {
        "postcss": "^8.5.26"
      }
    },
    "node_modules/postcss-normalize-repeat-style": {
      "version": "9.0.0",
      "resolved": "https://registry.npmjs.org/postcss-normalize-repeat-style/-/postcss-normalize-repeat-style-9.0.0.tgz",
      "integrity": "sha512-KV5pQse31Qn/nezj5PmKHgV5oD4a3Tb8wMMxJ6/61Wifp9RzIkaovmHqfUD28KNbhsHs/B71TxnohaTvEZK/UA==",
      "dev": true,
      "license": "MIT",
      "dependencies": {
        "postcss-value-parser": "^4.2.0"
      },
      "engines": {
        "node": "^22.22.3 || ^24.15.0 || >=26.0"
      },
      "peerDependencies": {
        "postcss": "^8.5.26"
      }
    },
    "node_modules/postcss-normalize-string": {
      "version": "9.0.0",
      "resolved": "https://registry.npmjs.org/postcss-normalize-string/-/postcss-normalize-string-9.0.0.tgz",
      "integrity": "sha512-htylsPopjm/LiUheas9j7B1en+Pc97ANIYyN/+aj+ruStU6J35YYwo5b5QD/v01JRD61nwzK+aKhoXeKVXW4kA==",
      "dev": true,
      "license": "MIT",
      "dependencies": {
        "postcss-value-parser": "^4.2.0"
      },
      "engines": {
        "node": "^22.22.3 || ^24.15.0 || >=26.0"
      },
      "peerDependencies": {
        "postcss": "^8.5.26"
      }
    },
    "node_modules/postcss-normalize-timing-functions": {
      "version": "9.0.0",
      "resolved": "https://registry.npmjs.org/postcss-normalize-timing-functions/-/postcss-normalize-timing-functions-9.0.0.tgz",
      "integrity": "sha512-yhg0N68ALfNPsmAX2vHH/ZZrYziINbF+K/1Hp7Itqli2B84eX0zdcb7EbK0rrmDgYkuzE1pBc11C2codw7eXtg==",
      "dev": true,
      "license": "MIT",
      "dependencies": {
        "postcss-value-parser": "^4.2.0"
      },
      "engines": {
        "node": "^22.22.3 || ^24.15.0 || >=26.0"
      },
      "peerDependencies": {
        "postcss": "^8.5.26"
      }
    },
    "node_modules/postcss-normalize-unicode": {
      "version": "9.0.0",
      "resolved": "https://registry.npmjs.org/postcss-normalize-unicode/-/postcss-normalize-unicode-9.0.0.tgz",
      "integrity": "sha512-sJ/STfFE+8Fh8GP0KGcZvt/Fv5+XsvrsLDvjlJsqQ5tl5hW+ptHCZigorpoV6BhsvTXm8qircCGAR78IArwHkA==",
      "dev": true,
      "license": "MIT",
      "dependencies": {
        "browserslist": "^4.28.8",
        "postcss-value-parser": "^4.2.0"
      },
      "engines": {
        "node": "^22.22.3 || ^24.15.0 || >=26.0"
      },
      "peerDependencies": {
        "postcss": "^8.5.26"
      }
    },
    "node_modules/postcss-normalize-url": {
      "version": "9.0.0",
      "resolved": "https://registry.npmjs.org/postcss-normalize-url/-/postcss-normalize-url-9.0.0.tgz",
      "integrity": "sha512-kj2QJovR0DWhCiF1XiS3EXCykt+JHEhUHzoWFxXspz0eZ8pJMkAhSbqNoeVCk7koL8P+l9sRrVKybV0ZpqZuqA==",
      "dev": true,
      "license": "MIT",
      "dependencies": {
        "postcss-value-parser": "^4.2.0"
      },
      "engines": {
        "node": "^22.22.3 || ^24.15.0 || >=26.0"
      },
      "peerDependencies": {
        "postcss": "^8.5.26"
      }
    },
    "node_modules/postcss-normalize-whitespace": {
      "version": "9.0.0",
      "resolved": "https://registry.npmjs.org/postcss-normalize-whitespace/-/postcss-normalize-whitespace-9.0.0.tgz",
      "integrity": "sha512-L08dL2ANyDGSijArZUBIbeQntB5jMCZ9U8jx+KVmjz436zq1zCKBYDjmXLxNDVDfwZEoXTienU8RHSiM86I3GQ==",
      "dev": true,
      "license": "MIT",
      "dependencies": {
        "postcss-value-parser": "^4.2.0"
      },
      "engines": {
        "node": "^22.22.3 || ^24.15.0 || >=26.0"
      },
      "peerDependencies": {
        "postcss": "^8.5.26"
      }
    },
    "node_modules/postcss-ordered-values": {
      "version": "9.0.0",
      "resolved": "https://registry.npmjs.org/postcss-ordered-values/-/postcss-ordered-values-9.0.0.tgz",
      "integrity": "sha512-LTayHrel3G8pwgrsu6Sk5V+9MkAPfOLNoPD7kvH/xTCpNhCf8jSSHRdwpUPtOvX0mMN7BETpTyhMSEjiJEUZ7g==",
      "dev": true,
      "license": "MIT",
      "dependencies": {
        "cssnano-utils": "^7.0.0",
        "postcss-value-parser": "^4.2.0"
      },
      "engines": {
        "node": "^22.22.3 || ^24.15.0 || >=26.0"
      },
      "peerDependencies": {
        "postcss": "^8.5.26"
      }
    },
    "node_modules/postcss-reduce-initial": {
      "version": "9.0.0",
      "resolved": "https://registry.npmjs.org/postcss-reduce-initial/-/postcss-reduce-initial-9.0.0.tgz",
      "integrity": "sha512-rwjqY5Ahht8xx41ChB/s90DYia6Wg2fwBwt2Uv1X/hp5+Ok1OCxWoDaBNgcLoO5r57RWHscO0L4nQdPKjZnghw==",
      "dev": true,
      "license": "MIT",
      "dependencies": {
        "browserslist": "^4.28.8",
        "caniuse-api": "^4.0.0"
      },
      "engines": {
        "node": "^22.22.3 || ^24.15.0 || >=26.0"
      },
      "peerDependencies": {
        "postcss": "^8.5.26"
      }
    },
    "node_modules/postcss-reduce-transforms": {
      "version": "9.0.0",
      "resolved": "https://registry.npmjs.org/postcss-reduce-transforms/-/postcss-reduce-transforms-9.0.0.tgz",
      "integrity": "sha512-wuCHGvWYKKbHmURHSv1a3XkZuE/EX4oWh7DO+qWpL5dFN7K5cJ9frRyFyJtNIp+YZb5JOnRyEGF40ocdGypPTg==",
      "dev": true,
      "license": "MIT",
      "dependencies": {
        "postcss-value-parser": "^4.2.0"
      },
      "engines": {
        "node": "^22.22.3 || ^24.15.0 || >=26.0"
      },
      "peerDependencies": {
        "postcss": "^8.5.26"
      }
    },
    "node_modules/postcss-selector-parser": {
      "version": "7.1.5",
      "resolved": "https://registry.npmjs.org/postcss-selector-parser/-/postcss-selector-parser-7.1.5.tgz",
      "integrity": "sha512-KvvtD7SrlBP7dlgkBghEE3r84CABm5SmV2aNcG4oCA+qDnJ/tvKonFVvwWAyyWUEwxuNawdfEAZKP9zM3oZ2Uw==",
      "dev": true,
      "license": "MIT",
      "dependencies": {
        "cssesc": "^3.0.0",
        "util-deprecate": "^1.0.2"
      },
      "engines": {
        "node": ">=4"
      }
    },
    "node_modules/postcss-svgo": {
      "version": "9.0.0",
      "resolved": "https://registry.npmjs.org/postcss-svgo/-/postcss-svgo-9.0.0.tgz",
      "integrity": "sha512-G2TCltJV1UB0SkQzZ8Q0sQpjP42zcJ5EplnDYglab6lVmhrBZvCNVJEOyczwMBvCTYGESrV94KWNcmlDz+ezpA==",
      "dev": true,
      "license": "MIT",
      "dependencies": {
        "postcss-value-parser": "^4.2.0",
        "svgo": "^4.1.0"
      },
      "engines": {
        "node": "^22.22.3 || ^24.15.0 || >=26.0"
      },
      "peerDependencies": {
        "postcss": "^8.5.26"
      }
    },
    "node_modules/postcss-unique-selectors": {
      "version": "9.0.0",
      "resolved": "https://registry.npmjs.org/postcss-unique-selectors/-/postcss-unique-selectors-9.0.0.tgz",
      "integrity": "sha512-jxfneNnWS/8gDY8FCRh/+HdB/H7otsKFu97NRiFK6ZkolpNtMVHCClTy7h+GgQpd/OA6e9Oi3YIkwE+8Dn44dA==",
      "dev": true,
      "license": "MIT",
      "dependencies": {
        "postcss-selector-parser": "^7.1.5"
      },
      "engines": {
        "node": "^22.22.3 || ^24.15.0 || >=26.0"
      },
      "peerDependencies": {
        "postcss": "^8.5.26"
      }
    },
    "node_modules/postcss-value-parser": {
      "version": "4.2.0",
      "resolved": "https://registry.npmjs.org/postcss-value-parser/-/postcss-value-parser-4.2.0.tgz",
      "integrity": "sha512-1NNCs6uurfkVbeXG4S8JFT9t19m45ICnif8zWLd5oPSZ50QnwMfK+H3jv408d4jw/7Bttv5axS5IiHoLaVNHeQ==",
      "dev": true,
      "license": "MIT"
    },
    "node_modules/postgres-array": {
      "version": "2.0.0",
      "resolved": "https://registry.npmjs.org/postgres-array/-/postgres-array-2.0.0.tgz",
      "integrity": "sha512-VpZrUqU5A69eQyW2c5CA1jtLecCsN2U/bD6VilrFDWq5+5UIEVO7nazS3TEcHf1zuPYO/sqGvUvW62g86RXZuA==",
      "license": "MIT",
      "engines": {
        "node": ">=4"
      }
    },
    "node_modules/postgres-bytea": {
      "version": "1.0.1",
      "resolved": "https://registry.npmjs.org/postgres-bytea/-/postgres-bytea-1.0.1.tgz",
      "integrity": "sha512-5+5HqXnsZPE65IJZSMkZtURARZelel2oXUEO8rH83VS/hxH5vv1uHquPg5wZs8yMAfdv971IU+kcPUczi7NVBQ==",
      "license": "MIT",
      "engines": {
        "node": ">=0.10.0"
      }
    },
    "node_modules/postgres-date": {
      "version": "1.0.7",
      "resolved": "https://registry.npmjs.org/postgres-date/-/postgres-date-1.0.7.tgz",
      "integrity": "sha512-suDmjLVQg78nMK2UZ454hAG+OAW+HQPZ6n++TNDUX+L0+uUlLywnoxJKDou51Zm+zTCjrCl0Nq6J9C5hP9vK/Q==",
      "license": "MIT",
      "engines": {
        "node": ">=0.10.0"
      }
    },
    "node_modules/postgres-interval": {
      "version": "1.2.0",
      "resolved": "https://registry.npmjs.org/postgres-interval/-/postgres-interval-1.2.0.tgz",
      "integrity": "sha512-9ZhXKM/rw350N1ovuWHbGxnGh/SNJ4cnxHiM0rxE4VN41wsg8P8zWn9hv/buK00RP4WvlOyr/RBDiptyxVbkZQ==",
      "license": "MIT",
      "dependencies": {
        "xtend": "^4.0.0"
      },
      "engines": {
        "node": ">=0.10.0"
      }
    },
    "node_modules/sax": {
      "version": "1.6.1",
      "resolved": "https://registry.npmjs.org/sax/-/sax-1.6.1.tgz",
      "integrity": "sha512-42tBVwLWnaQvW5zc4HbZrTuWccECCZfBi92FDuwtqxasH+JbPB3/FOKb1m222K42R4WxuxzzMsTswfzgtSu64Q==",
      "dev": true,
      "license": "BlueOak-1.0.0",
      "engines": {
        "node": ">=11.0.0"
      }
    },
    "node_modules/source-map": {
      "version": "0.6.1",
      "resolved": "https://registry.npmjs.org/source-map/-/source-map-0.6.1.tgz",
      "integrity": "sha512-UjgapumWlbMhkBgzT7Ykc5YXUT46F0iKu8SGXq0bcwP5dz/h0Plj6enJqjz1Zbq2l5WaqYnrVbwWOWMyF3F47g==",
      "dev": true,
      "license": "BSD-3-Clause",
      "engines": {
        "node": ">=0.10.0"
      }
    },
    "node_modules/source-map-js": {
      "version": "1.2.1",
      "resolved": "https://registry.npmjs.org/source-map-js/-/source-map-js-1.2.1.tgz",
      "integrity": "sha512-UXWMKhLOwVKb728IUtQPXxfYU+usdybtUrK/8uGE8CQMvrhOpwvzDBwj0QhSL7MQc7vIsISBG8VQ8+IDQxpfQA==",
      "dev": true,
      "license": "BSD-3-Clause",
      "engines": {
        "node": ">=0.10.0"
      }
    },
    "node_modules/source-map-support": {
      "version": "0.5.21",
      "resolved": "https://registry.npmjs.org/source-map-support/-/source-map-support-0.5.21.tgz",
      "integrity": "sha512-uBHU3L3czsIyYXKX88fdrGovxdSCoTGDRZ6SYXtSRxLZUzHg5P/66Ht6uoUlHu9EZod+inXhKo3qQgwXUT/y1w==",
      "dev": true,
      "license": "MIT",
      "dependencies": {
        "buffer-from": "^1.0.0",
        "source-map": "^0.6.0"
      }
    },
    "node_modules/split2": {
      "version": "4.2.0",
      "resolved": "https://registry.npmjs.org/split2/-/split2-4.2.0.tgz",
      "integrity": "sha512-UcjcJOWknrNkF6PLX83qcHM6KHgVKNkV62Y8a5uYDVv9ydGQVwAHMKqHdJje1VTWpljG0WYpCDhrCdAOYH4TWg==",
      "license": "ISC",
      "engines": {
        "node": ">= 10.x"
      }
    },
    "node_modules/stylehacks": {
      "version": "9.0.1",
      "resolved": "https://registry.npmjs.org/stylehacks/-/stylehacks-9.0.1.tgz",
      "integrity": "sha512-4UVg0FQWpKpTUTNshZmtwbyg9xXavQe27F2ihQDCsjgvnKvP37RswqklL03tSk3JSFjk8h4Emeil4OVWHGugBA==",
      "dev": true,
      "license": "MIT",
      "dependencies": {
        "browserslist": "^4.28.8",
        "postcss-selector-parser": "^7.1.5"
      },
      "engines": {
        "node": "^22.22.3 || ^24.15.0 || >=26.0"
      },
      "peerDependencies": {
        "postcss": "^8.5.26"
      }
    },
    "node_modules/svgo": {
      "version": "4.1.0",
      "resolved": "https://registry.npmjs.org/svgo/-/svgo-4.1.0.tgz",
      "integrity": "sha512-bkxnTg1kSU0guhIBmibA6UUhrQmPVA1XsQLN+ylCd+UWzbnLkySOcXpyk1mrl05f+pcaCx2eHb+sp6BgMZWX+Q==",
      "dev": true,
      "license": "MIT",
      "dependencies": {
        "commander": "^11.1.0",
        "css-select": "^6.0.0",
        "css-tree": "^3.0.1",
        "css-what": "^7.0.0",
        "csso": "^5.0.5",
        "picocolors": "^1.1.1",
        "sax": "1.6.1"
      },
      "bin": {
        "svgo": "bin/svgo.js"
      },
      "engines": {
        "node": ">=16"
      },
      "funding": {
        "type": "opencollective",
        "url": "https://opencollective.com/svgo"
      }
    },
    "node_modules/svgo/node_modules/commander": {
      "version": "11.1.0",
      "resolved": "https://registry.npmjs.org/commander/-/commander-11.1.0.tgz",
      "integrity": "sha512-yPVavfyCcRhmorC7rWlkHn15b4wDVgVmBA7kV4QVBsF7kv/9TKJAbAXVTxvTnwP8HHKjRCJDClKbciiYS7p0DQ==",
      "dev": true,
      "license": "MIT",
      "engines": {
        "node": ">=16"
      }
    },
    "node_modules/terser": {
      "version": "5.51.2",
      "resolved": "https://registry.npmjs.org/terser/-/terser-5.51.2.tgz",
      "integrity": "sha512-bWnjSNscmuI+GJze6ZupnHP8G/cTcsJF+bXCeQknk2SHQsgbNJnLrqiH9jZ2W4STPVXH2mDKKRX3iwPhc9Cn/Q==",
      "dev": true,
      "license": "BSD-2-Clause",
      "dependencies": {
        "@jridgewell/source-map": "^0.3.3",
        "acorn": "^8.15.0",
        "commander": "^2.20.0",
        "source-map-support": "~0.5.20"
      },
      "bin": {
        "terser": "bin/terser"
      },
      "engines": {
        "node": ">=10"
      }
    },
    "node_modules/update-browserslist-db": {
      "version": "1.3.2",
      "resolved": "https://registry.npmjs.org/update-browserslist-db/-/update-browserslist-db-1.3.2.tgz",
      "integrity": "sha512-UQ+MSxlhRm1bzjhU+DcuXfjFO1FzNtqhK5+9Yvlp90ItDLk5vT932A0rFu619nf7RVS+Y/VeaUW1jaRDqZ8VJw==",
      "dev": true,
      "funding": [
        {
          "type": "opencollective",
          "url": "https://opencollective.com/browserslist"
        },
        {
          "type": "tidelift",
          "url": "https://tidelift.com/funding/github/npm/browserslist"
        },
        {
          "type": "github",
          "url": "https://github.com/sponsors/ai"
        }
      ],
      "license": "MIT",
      "dependencies": {
        "escalade": "^3.2.0",
        "picocolors": "^1.1.1"
      },
      "bin": {
        "update-browserslist-db": "cli.js"
      },
      "peerDependencies": {
        "browserslist": ">= 4.21.0"
      }
    },
    "node_modules/util-deprecate": {
      "version": "1.0.2",
      "resolved": "https://registry.npmjs.org/util-deprecate/-/util-deprecate-1.0.2.tgz",
      "integrity": "sha512-EPD5q1uXyFxJpCrLnCc1nHnq3gOa6DZBocAIiI2TaSCA7VCJ1UJDMagCzIkXNsUYfD1daK//LTEQ8xiIbrHtcw==",
      "dev": true,
      "license": "MIT"
    },
    "node_modules/xtend": {
      "version": "4.0.2",
      "resolved": "https://registry.npmjs.org/xtend/-/xtend-4.0.2.tgz",
      "integrity": "sha512-LKYU1iAXJXUgAXn9URjiu+MWhyUXHsvfp7mcuYm9dSUKK0/CjtrUwFAxD82/mCWbtLsGjFIad0wIsod4zrTAEQ==",
      "license": "MIT",
      "engines": {
        "node": ">=0.4"
      }
    }
  }
}
